// !$*UTF8*$!
{
	archiveVersion = 1;
	classes = {
	};
	objectVersion = 48;
	objects = {

/* Begin PBXBuildFile section */
		6E65491A2065CF5600FC309C /* AppDelegate.swift in Sources */ = {isa = PBXBuildFile; fileRef = 6E6549192065CF5600FC309C /* AppDelegate.swift */; };
		6E65491C2065CF5600FC309C /* ViewController.swift in Sources */ = {isa = PBXBuildFile; fileRef = 6E65491B2065CF5600FC309C /* ViewController.swift */; };
		6E65491F2065CF5600FC309C /* Main.storyboard in Resources */ = {isa = PBXBuildFile; fileRef = 6E65491D2065CF5600FC309C /* Main.storyboard */; };
		6E6549212065CF5600FC309C /* Assets.xcassets in Resources */ = {isa = PBXBuildFile; fileRef = 6E6549202065CF5600FC309C /* Assets.xcassets */; };
		6E6549242065CF5600FC309C /* LaunchScreen.storyboard in Resources */ = {isa = PBXBuildFile; fileRef = 6E6549222065CF5600FC309C /* LaunchScreen.storyboard */; };
		6E65492F2065CF5600FC309C /* LOLStatsNowTests.swift in Sources */ = {isa = PBXBuildFile; fileRef = 6E65492E2065CF5600FC309C /* LOLStatsNowTests.swift */; };
		6E65493A2065CF5600FC309C /* LOLStatsNowUITests.swift in Sources */ = {isa = PBXBuildFile; fileRef = 6E6549392065CF5600FC309C /* LOLStatsNowUITests.swift */; };
/* End PBXBuildFile section */

/* Begin PBXContainerItemProxy section */
		6E65492B2065CF5600FC309C /* PBXContainerItemProxy */ = {
			isa = PBXContainerItemProxy;
			containerPortal = 6E65490E2065CF5600FC309C /* Project object */;
			proxyType = 1;
			remoteGlobalIDString = 6E6549152065CF5600FC309C;
			remoteInfo = LOLStatsNow;
		};
		6E6549362065CF5600FC309C /* PBXContainerItemProxy */ = {
			isa = PBXContainerItemProxy;
			containerPortal = 6E65490E2065CF5600FC309C /* Project object */;
			proxyType = 1;
			remoteGlobalIDString = 6E6549152065CF5600FC309C;
			remoteInfo = LOLStatsNow;
		};
/* End PBXContainerItemProxy section */

/* Begin PBXFileReference section */
		6E6549162065CF5600FC309C /* LOLStatsNow.app */ = {isa = PBXFileReference; explicitFileType = wrapper.application; includeInIndex = 0; path = LOLStatsNow.app; sourceTree = BUILT_PRODUCTS_DIR; };
		6E6549192065CF5600FC309C /* AppDelegate.swift */ = {isa = PBXFileReference; lastKnownFileType = sourcecode.swift; path = AppDelegate.swift; sourceTree = "<group>"; };
		6E65491B2065CF5600FC309C /* ViewController.swift */ = {isa = PBXFileReference; lastKnownFileType = sourcecode.swift; path = ViewController.swift; sourceTree = "<group>"; };
		6E65491E2065CF5600FC309C /* Base */ = {isa = PBXFileReference; lastKnownFileType = file.storyboard; name = Base; path = Base.lproj/Main.storyboard; sourceTree = "<group>"; };
		6E6549202065CF5600FC309C /* Assets.xcassets */ = {isa = PBXFileReference; lastKnownFileType = folder.assetcatalog; path = Assets.xcassets; sourceTree = "<group>"; };
		6E6549232065CF5600FC309C /* Base */ = {isa = PBXFileReference; lastKnownFileType = file.storyboard; name = Base; path = Base.lproj/LaunchScreen.storyboard; sourceTree = "<group>"; };
		6E6549252065CF5600FC309C /* Info.plist */ = {isa = PBXFileReference; lastKnownFileType = text.plist.xml; path = Info.plist; sourceTree = "<group>"; };
		6E65492A2065CF5600FC309C /* LOLStatsNowTests.xctest */ = {isa = PBXFileReference; explicitFileType = wrapper.cfbundle; includeInIndex = 0; path = LOLStatsNowTests.xctest; sourceTree = BUILT_PRODUCTS_DIR; };
		6E65492E2065CF5600FC309C /* LOLStatsNowTests.swift */ = {isa = PBXFileReference; lastKnownFileType = sourcecode.swift; path = LOLStatsNowTests.swift; sourceTree = "<group>"; };
		6E6549302065CF5600FC309C /* Info.plist */ = {isa = PBXFileReference; lastKnownFileType = text.plist.xml; path = Info.plist; sourceTree = "<group>"; };
		6E6549352065CF5600FC309C /* LOLStatsNowUITests.xctest */ = {isa = PBXFileReference; explicitFileType = wrapper.cfbundle; includeInIndex = 0; path = LOLStatsNowUITests.xctest; sourceTree = BUILT_PRODUCTS_DIR; };
		6E6549392065CF5600FC309C /* LOLStatsNowUITests.swift */ = {isa = PBXFileReference; lastKnownFileType = sourcecode.swift; path = LOLStatsNowUITests.swift; sourceTree = "<group>"; };
		6E65493B2065CF5600FC309C /* Info.plist */ = {isa = PBXFileReference; lastKnownFileType = text.plist.xml; path = Info.plist; sourceTree = "<group>"; };
/* End PBXFileReference section */

/* Begin PBXFrameworksBuildPhase section */
		6E6549132065CF5600FC309C /* Frameworks */ = {
			isa = PBXFrameworksBuildPhase;
			buildActionMask = 2147483647;
			files = (
			);
			runOnlyForDeploymentPostprocessing = 0;
		};
		6E6549272065CF5600FC309C /* Frameworks */ = {
			isa = PBXFrameworksBuildPhase;
			buildActionMask = 2147483647;
			files = (
			);
			runOnlyForDeploymentPostprocessing = 0;
		};
		6E6549322065CF5600FC309C /* Frameworks */ = {
			isa = PBXFrameworksBuildPhase;
			buildActionMask = 2147483647;
			files = (
			);
			runOnlyForDeploymentPostprocessing = 0;
		};
/* End PBXFrameworksBuildPhase section */

/* Begin PBXGroup section */
		6E65490D2065CF5600FC309C = {
			isa = PBXGroup;
			children = (
				6E6549182065CF5600FC309C /* LOLStatsNow */,
				6E65492D2065CF5600FC309C /* LOLStatsNowTests */,
				6E6549382065CF5600FC309C /* LOLStatsNowUITests */,
				6E6549172065CF5600FC309C /* Products */,
			);
			sourceTree = "<group>";
		};
		6E6549172065CF5600FC309C /* Products */ = {
			isa = PBXGroup;
			children = (
				6E6549162065CF5600FC309C /* LOLStatsNow.app */,
				6E65492A2065CF5600FC309C /* LOLStatsNowTests.xctest */,
				6E6549352065CF5600FC309C /* LOLStatsNowUITests.xctest */,
			);
			name = Products;
			sourceTree = "<group>";
		};
		6E6549182065CF5600FC309C /* LOLStatsNow */ = {
			isa = PBXGroup;
			children = (
				6E6549192065CF5600FC309C /* AppDelegate.swift */,
				6E65491B2065CF5600FC309C /* ViewController.swift */,
				6E65491D2065CF5600FC309C /* Main.storyboard */,
				6E6549202065CF5600FC309C /* Assets.xcassets */,
				6E6549222065CF5600FC309C /* LaunchScreen.storyboard */,
				6E6549252065CF5600FC309C /* Info.plist */,
			);
			path = LOLStatsNow;
			sourceTree = "<group>";
		};
		6E65492D2065CF5600FC309C /* LOLStatsNowTests */ = {
			isa = PBXGroup;
			children = (
				6E65492E2065CF5600FC309C /* LOLStatsNowTests.swift */,
				6E6549302065CF5600FC309C /* Info.plist */,
			);
			path = LOLStatsNowTests;
			sourceTree = "<group>";
		};
		6E6549382065CF5600FC309C /* LOLStatsNowUITests */ = {
			isa = PBXGroup;
			children = (
				6E6549392065CF5600FC309C /* LOLStatsNowUITests.swift */,
				6E65493B2065CF5600FC309C /* Info.plist */,
			);
			path = LOLStatsNowUITests;
			sourceTree = "<group>";
		};
/* End PBXGroup section */

/* Begin PBXNativeTarget section */
		6E6549152065CF5600FC309C /* LOLStatsNow */ = {
			isa = PBXNativeTarget;
			buildConfigurationList = 6E65493E2065CF5600FC309C /* Build configuration list for PBXNativeTarget "LOLStatsNow" */;
			buildPhases = (
				6E6549122065CF5600FC309C /* Sources */,
				6E6549132065CF5600FC309C /* Frameworks */,
				6E6549142065CF5600FC309C /* Resources */,
			);
			buildRules = (
			);
			dependencies = (
			);
			name = LOLStatsNow;
			productName = LOLStatsNow;
			productReference = 6E6549162065CF5600FC309C /* LOLStatsNow.app */;
			productType = "com.apple.product-type.application";
		};
		6E6549292065CF5600FC309C /* LOLStatsNowTests */ = {
			isa = PBXNativeTarget;
			buildConfigurationList = 6E6549412065CF5600FC309C /* Build configuration list for PBXNativeTarget "LOLStatsNowTests" */;
			buildPhases = (
				6E6549262065CF5600FC309C /* Sources */,
				6E6549272065CF5600FC309C /* Frameworks */,
				6E6549282065CF5600FC309C /* Resources */,
			);
			buildRules = (
			);
			dependencies = (
				6E65492C2065CF5600FC309C /* PBXTargetDependency */,
			);
			name = LOLStatsNowTests;
			productName = LOLStatsNowTests;
			productReference = 6E65492A2065CF5600FC309C /* LOLStatsNowTests.xctest */;
			productType = "com.apple.product-type.bundle.unit-test";
		};
		6E6549342065CF5600FC309C /* LOLStatsNowUITests */ = {
			isa = PBXNativeTarget;
			buildConfigurationList = 6E6549442065CF5600FC309C /* Build configuration list for PBXNativeTarget "LOLStatsNowUITests" */;
			buildPhases = (
				6E6549312065CF5600FC309C /* Sources */,
				6E6549322065CF5600FC309C /* Frameworks */,
				6E6549332065CF5600FC309C /* Resources */,
			);
			buildRules = (
			);
			dependencies = (
				6E6549372065CF5600FC309C /* PBXTargetDependency */,
			);
			name = LOLStatsNowUITests;
			productName = LOLStatsNowUITests;
			productReference = 6E6549352065CF5600FC309C /* LOLStatsNowUITests.xctest */;
			productType = "com.apple.product-type.bundle.ui-testing";
		};
/* End PBXNativeTarget section */

/* Begin PBXProject section */
		6E65490E2065CF5600FC309C /* Project object */ = {
			isa = PBXProject;
			attributes = {
				LastSwiftUpdateCheck = 0920;
				LastUpgradeCheck = 0920;
				ORGANIZATIONNAME = "Kucera, Christopher";
				TargetAttributes = {
					6E6549152065CF5600FC309C = {
						CreatedOnToolsVersion = 9.2;
						ProvisioningStyle = Automatic;
					};
					6E6549292065CF5600FC309C = {
						CreatedOnToolsVersion = 9.2;
						ProvisioningStyle = Automatic;
						TestTargetID = 6E6549152065CF5600FC309C;
					};
					6E6549342065CF5600FC309C = {
						CreatedOnToolsVersion = 9.2;
						ProvisioningStyle = Automatic;
						TestTargetID = 6E6549152065CF5600FC309C;
					};
				};
			};
			buildConfigurationList = 6E6549112065CF5600FC309C /* Build configuration list for PBXProject "LOLStatsNow" */;
			compatibilityVersion = "Xcode 8.0";
			developmentRegion = en;
			hasScannedForEncodings = 0;
			knownRegions = (
				en,
				Base,
			);
			mainGroup = 6E65490D2065CF5600FC309C;
			productRefGroup = 6E6549172065CF5600FC309C /* Products */;
			projectDirPath = "";
			projectRoot = "";
			targets = (
				6E6549152065CF5600FC309C /* LOLStatsNow */,
				6E6549292065CF5600FC309C /* LOLStatsNowTests */,
				6E6549342065CF5600FC309C /* LOLStatsNowUITests */,
			);
		};
/* End PBXProject section */

/* Begin PBXResourcesBuildPhase section */
		6E6549142065CF5600FC309C /* Resources */ = {
			isa = PBXResourcesBuildPhase;
			buildActionMask = 2147483647;
			files = (
				6E6549242065CF5600FC309C /* LaunchScreen.storyboard in Resources */,
				6E6549212065CF5600FC309C /* Assets.xcassets in Resources */,
				6E65491F2065CF5600FC309C /* Main.storyboard in Resources */,
			);
			runOnlyForDeploymentPostprocessing = 0;
		};
		6E6549282065CF5600FC309C /* Resources */ = {
			isa = PBXResourcesBuildPhase;
			buildActionMask = 2147483647;
			files = (
			);
			runOnlyForDeploymentPostprocessing = 0;
		};
		6E6549332065CF5600FC309C /* Resources */ = {
			isa = PBXResourcesBuildPhase;
			buildActionMask = 2147483647;
			files = (
			);
			runOnlyForDeploymentPostprocessing = 0;
		};
/* End PBXResourcesBuildPhase section */

/* Begin PBXSourcesBuildPhase section */
		6E6549122065CF5600FC309C /* Sources */ = {
			isa = PBXSourcesBuildPhase;
			buildActionMask = 2147483647;
			files = (
				6E65491C2065CF5600FC309C /* ViewController.swift in Sources */,
				6E65491A2065CF5600FC309C /* AppDelegate.swift in Sources */,
			);
			runOnlyForDeploymentPostprocessing = 0;
		};
		6E6549262065CF5600FC309C /* Sources */ = {
			isa = PBXSourcesBuildPhase;
			buildActionMask = 2147483647;
			files = (
				6E65492F2065CF5600FC309C /* LOLStatsNowTests.swift in Sources */,
			);
			runOnlyForDeploymentPostprocessing = 0;
		};
		6E6549312065CF5600FC309C /* Sources */ = {
			isa = PBXSourcesBuildPhase;
			buildActionMask = 2147483647;
			files = (
				6E65493A2065CF5600FC309C /* LOLStatsNowUITests.swift in Sources */,
			);
			runOnlyForDeploymentPostprocessing = 0;
		};
/* End PBXSourcesBuildPhase section */

/* Begin PBXTargetDependency section */
		6E65492C2065CF5600FC309C /* PBXTargetDependency */ = {
			isa = PBXTargetDependency;
			target = 6E6549152065CF5600FC309C /* LOLStatsNow */;
			targetProxy = 6E65492B2065CF5600FC309C /* PBXContainerItemProxy */;
		};
		6E6549372065CF5600FC309C /* PBXTargetDependency */ = {
			isa = PBXTargetDependency;
			target = 6E6549152065CF5600FC309C /* LOLStatsNow */;
			targetProxy = 6E6549362065CF5600FC309C /* PBXContainerItemProxy */;
		};
/* End PBXTargetDependency section */

/* Begin PBXVariantGroup section */
		6E65491D2065CF5600FC309C /* Main.storyboard */ = {
			isa = PBXVariantGroup;
			children = (
				6E65491E2065CF5600FC309C /* Base */,
			);
			name = Main.storyboard;
			sourceTree = "<group>";
		};
		6E6549222065CF5600FC309C /* LaunchScreen.storyboard */ = {
			isa = PBXVariantGroup;
			children = (
				6E6549232065CF5600FC309C /* Base */,
			);
			name = LaunchScreen.storyboard;
			sourceTree = "<group>";
		};
/* End PBXVariantGroup section */

/* Begin XCBuildConfiguration section */
		6E65493C2065CF5600FC309C /* Debug */ = {
			isa = XCBuildConfiguration;
			buildSettings = {
				ALWAYS_SEARCH_USER_PATHS = NO;
				CLANG_ANALYZER_NONNULL = YES;
				CLANG_ANALYZER_NUMBER_OBJECT_CONVERSION = YES_AGGRESSIVE;
				CLANG_CXX_LANGUAGE_STANDARD = "gnu++14";
				CLANG_CXX_LIBRARY = "libc++";
				CLANG_ENABLE_MODULES = YES;
				CLANG_ENABLE_OBJC_ARC = YES;
				CLANG_WARN_BLOCK_CAPTURE_AUTORELEASING = YES;
				CLANG_WARN_BOOL_CONVERSION = YES;
				CLANG_WARN_COMMA = YES;
				CLANG_WARN_CONSTANT_CONVERSION = YES;
				CLANG_WARN_DIRECT_OBJC_ISA_USAGE = YES_ERROR;
				CLANG_WARN_DOCUMENTATION_COMMENTS = YES;
				CLANG_WARN_EMPTY_BODY = YES;
				CLANG_WARN_ENUM_CONVERSION = YES;
				CLANG_WARN_INFINITE_RECURSION = YES;
				CLANG_WARN_INT_CONVERSION = YES;
				CLANG_WARN_NON_LITERAL_NULL_CONVERSION = YES;
				CLANG_WARN_OBJC_LITERAL_CONVERSION = YES;
				CLANG_WARN_OBJC_ROOT_CLASS = YES_ERROR;
				CLANG_WARN_RANGE_LOOP_ANALYSIS = YES;
				CLANG_WARN_STRICT_PROTOTYPES = YES;
				CLANG_WARN_SUSPICIOUS_MOVE = YES;
				CLANG_WARN_UNGUARDED_AVAILABILITY = YES_AGGRESSIVE;
				CLANG_WARN_UNREACHABLE_CODE = YES;
				CLANG_WARN__DUPLICATE_METHOD_MATCH = YES;
				CODE_SIGN_IDENTITY = "iPhone Developer";
				COPY_PHASE_STRIP = NO;
				DEBUG_INFORMATION_FORMAT = dwarf;
				ENABLE_STRICT_OBJC_MSGSEND = YES;
				ENABLE_TESTABILITY = YES;
				GCC_C_LANGUAGE_STANDARD = gnu11;
				GCC_DYNAMIC_NO_PIC = NO;
				GCC_NO_COMMON_BLOCKS = YES;
				GCC_OPTIMIZATION_LEVEL = 0;
				GCC_PREPROCESSOR_DEFINITIONS = (
					"DEBUG=1",
					"$(inherited)",
				);
				GCC_WARN_64_TO_32_BIT_CONVERSION = YES;
				GCC_WARN_ABOUT_RETURN_TYPE = YES_ERROR;
				GCC_WARN_UNDECLARED_SELECTOR = YES;
				GCC_WARN_UNINITIALIZED_AUTOS = YES_AGGRESSIVE;
				GCC_WARN_UNUSED_FUNCTION = YES;
				GCC_WARN_UNUSED_VARIABLE = YES;
				IPHONEOS_DEPLOYMENT_TARGET = 11.2;
				MTL_ENABLE_DEBUG_INFO = YES;
				ONLY_ACTIVE_ARCH = YES;
				SDKROOT = iphoneos;
				SWIFT_ACTIVE_COMPILATION_CONDITIONS = DEBUG;
				SWIFT_OPTIMIZATION_LEVEL = "-Onone";
			};
			name = Debug;
		};
		6E65493D2065CF5600FC309C /* Release */ = {
			isa = XCBuildConfiguration;
			buildSettings = {
				ALWAYS_SEARCH_USER_PATHS = NO;
				CLANG_ANALYZER_NONNULL = YES;
				CLANG_ANALYZER_NUMBER_OBJECT_CONVERSION = YES_AGGRESSIVE;
				CLANG_CXX_LANGUAGE_STANDARD = "gnu++14";
				CLANG_CXX_LIBRARY = "libc++";
				CLANG_ENABLE_MODULES = YES;
				CLANG_ENABLE_OBJC_ARC = YES;
				CLANG_WARN_BLOCK_CAPTURE_AUTORELEASING = YES;
				CLANG_WARN_BOOL_CONVERSION = YES;
				CLANG_WARN_COMMA = YES;
				CLANG_WARN_CONSTANT_CONVERSION = YES;
				CLANG_WARN_DIRECT_OBJC_ISA_USAGE = YES_ERROR;
				CLANG_WARN_DOCUMENTATION_COMMENTS = YES;
				CLANG_WARN_EMPTY_BODY = YES;
				CLANG_WARN_ENUM_CONVERSION = YES;
				CLANG_WARN_INFINITE_RECURSION = YES;
				CLANG_WARN_INT_CONVERSION = YES;
				CLANG_WARN_NON_LITERAL_NULL_CONVERSION = YES;
				CLANG_WARN_OBJC_LITERAL_CONVERSION = YES;
				CLANG_WARN_OBJC_ROOT_CLASS = YES_ERROR;
				CLANG_WARN_RANGE_LOOP_ANALYSIS = YES;
				CLANG_WARN_STRICT_PROTOTYPES = YES;
				CLANG_WARN_SUSPICIOUS_MOVE = YES;
				CLANG_WARN_UNGUARDED_AVAILABILITY = YES_AGGRESSIVE;
				CLANG_WARN_UNREACHABLE_CODE = YES;
				CLANG_WARN__DUPLICATE_METHOD_MATCH = YES;
				CODE_SIGN_IDENTITY = "iPhone Developer";
				COPY_PHASE_STRIP = NO;
				DEBUG_INFORMATION_FORMAT = "dwarf-with-dsym";
				ENABLE_NS_ASSERTIONS = NO;
				ENABLE_STRICT_OBJC_MSGSEND = YES;
				GCC_C_LANGUAGE_STANDARD = gnu11;
				GCC_NO_COMMON_BLOCKS = YES;
				GCC_WARN_64_TO_32_BIT_CONVERSION = YES;
				GCC_WARN_ABOUT_RETURN_TYPE = YES_ERROR;
				GCC_WARN_UNDECLARED_SELECTOR = YES;
				GCC_WARN_UNINITIALIZED_AUTOS = YES_AGGRESSIVE;
				GCC_WARN_UNUSED_FUNCTION = YES;
				GCC_WARN_UNUSED_VARIABLE = YES;
				IPHONEOS_DEPLOYMENT_TARGET = 11.2;
				MTL_ENABLE_DEBUG_INFO = NO;
				SDKROOT = iphoneos;
				SWIFT_OPTIMIZATION_LEVEL = "-Owholemodule";
				VALIDATE_PRODUCT = YES;
			};
			name = Release;
		};
		6E65493F2065CF5600FC309C /* Debug */ = {
			isa = XCBuildConfiguration;
			buildSettings = {
				ASSETCATALOG_COMPILER_APPICON_NAME = AppIcon;
				CODE_SIGN_STYLE = Automatic;
				INFOPLIST_FILE = LOLStatsNow/Info.plist;
				LD_RUNPATH_SEARCH_PATHS = "$(inherited) @executable_path/Frameworks";
				PRODUCT_BUNDLE_IDENTIFIER = project.LOLStatsNow;
				PRODUCT_NAME = "$(TARGET_NAME)";
				SWIFT_VERSION = 4.0;
				TARGETED_DEVICE_FAMILY = "1,2";
			};
			name = Debug;
		};
		6E6549402065CF5600FC309C /* Release */ = {
			isa = XCBuildConfiguration;
			buildSettings = {
				ASSETCATALOG_COMPILER_APPICON_NAME = AppIcon;
				CODE_SIGN_STYLE = Automatic;
				INFOPLIST_FILE = LOLStatsNow/Info.plist;
				LD_RUNPATH_SEARCH_PATHS = "$(inherited) @executable_path/Frameworks";
				PRODUCT_BUNDLE_IDENTIFIER = project.LOLStatsNow;
				PRODUCT_NAME = "$(TARGET_NAME)";
				SWIFT_VERSION = 4.0;
				TARGETED_DEVICE_FAMILY = "1,2";
			};
			name = Release;
		};
		6E6549422065CF5600FC309C /* Debug */ = {
			isa = XCBuildConfiguration;
			buildSettings = {
				ALWAYS_EMBED_SWIFT_STANDARD_LIBRARIES = YES;
				BUNDLE_LOADER = "$(TEST_HOST)";
				CODE_SIGN_STYLE = Automatic;
				INFOPLIST_FILE = LOLStatsNowTests/Info.plist;
				LD_RUNPATH_SEARCH_PATHS = "$(inherited) @executable_path/Frameworks @loader_path/Frameworks";
				PRODUCT_BUNDLE_IDENTIFIER = project.LOLStatsNowTests;
				PRODUCT_NAME = "$(TARGET_NAME)";
				SWIFT_VERSION = 4.0;
				TARGETED_DEVICE_FAMILY = "1,2";
				TEST_HOST = "$(BUILT_PRODUCTS_DIR)/LOLStatsNow.app/LOLStatsNow";
			};
			name = Debug;
		};
		6E6549432065CF5600FC309C /* Release */ = {
			isa = XCBuildConfiguration;
			buildSettings = {
				ALWAYS_EMBED_SWIFT_STANDARD_LIBRARIES = YES;
				BUNDLE_LOADER = "$(TEST_HOST)";
				CODE_SIGN_STYLE = Automatic;
				INFOPLIST_FILE = LOLStatsNowTests/Info.plist;
				LD_RUNPATH_SEARCH_PATHS = "$(inherited) @executable_path/Frameworks @loader_path/Frameworks";
				PRODUCT_BUNDLE_IDENTIFIER = project.LOLStatsNowTests;
				PRODUCT_NAME = "$(TARGET_NAME)";
				SWIFT_VERSION = 4.0;
				TARGETED_DEVICE_FAMILY = "1,2";
				TEST_HOST = "$(BUILT_PRODUCTS_DIR)/LOLStatsNow.app/LOLStatsNow";
			};
			name = Release;
		};
		6E6549452065CF5600FC309C /* Debug */ = {
			isa = XCBuildConfiguration;
			buildSettings = {
				ALWAYS_EMBED_SWIFT_STANDARD_LIBRARIES = YES;
				CODE_SIGN_STYLE = Automatic;
				INFOPLIST_FILE = LOLStatsNowUITests/Info.plist;
				LD_RUNPATH_SEARCH_PATHS = "$(inherited) @executable_path/Frameworks @loader_path/Frameworks";
				PRODUCT_BUNDLE_IDENTIFIER = project.LOLStatsNowUITests;
				PRODUCT_NAME = "$(TARGET_NAME)";
				SWIFT_VERSION = 4.0;
				TARGETED_DEVICE_FAMILY = "1,2";
				TEST_TARGET_NAME = LOLStatsNow;
			};
			name = Debug;
		};
		6E6549462065CF5600FC309C /* Release */ = {
			isa = XCBuildConfiguration;
			buildSettings = {
				ALWAYS_EMBED_SWIFT_STANDARD_LIBRARIES = YES;
				CODE_SIGN_STYLE = Automatic;
				INFOPLIST_FILE = LOLStatsNowUITests/Info.plist;
				LD_RUNPATH_SEARCH_PATHS = "$(inherited) @executable_path/Frameworks @loader_path/Frameworks";
				PRODUCT_BUNDLE_IDENTIFIER = project.LOLStatsNowUITests;
				PRODUCT_NAME = "$(TARGET_NAME)";
				SWIFT_VERSION = 4.0;
				TARGETED_DEVICE_FAMILY = "1,2";
				TEST_TARGET_NAME = LOLStatsNow;
			};
			name = Release;
		};
/* End XCBuildConfiguration section */

/* Begin XCConfigurationList section */
		6E6549112065CF5600FC309C /* Build configuration list for PBXProject "LOLStatsNow" */ = {
			isa = XCConfigurationList;
			buildConfigurations = (
				6E65493C2065CF5600FC309C /* Debug */,
				6E65493D2065CF5600FC309C /* Release */,
			);
			defaultConfigurationIsVisible = 0;
			defaultConfigurationName = Release;
		};
		6E65493E2065CF5600FC309C /* Build configuration list for PBXNativeTarget "LOLStatsNow" */ = {
			isa = XCConfigurationList;
			buildConfigurations = (
				6E65493F2065CF5600FC309C /* Debug */,
				6E6549402065CF5600FC309C /* Release */,
			);
			defaultConfigurationIsVisible = 0;
			defaultConfigurationName = Release;
		};
		6E6549412065CF5600FC309C /* Build configuration list for PBXNativeTarget "LOLStatsNowTests" */ = {
			isa = XCConfigurationList;
			buildConfigurations = (
				6E6549422065CF5600FC309C /* Debug */,
				6E6549432065CF5600FC309C /* Release */,
			);
			defaultConfigurationIsVisible = 0;
			defaultConfigurationName = Release;
		};
		6E6549442065CF5600FC309C /* Build configuration list for PBXNativeTarget "LOLStatsNowUITests" */ = {
			isa = XCConfigurationList;
			buildConfigurations = (
				6E6549452065CF5600FC309C /* Debug */,
				6E6549462065CF5600FC309C /* Release */,
			);
			defaultConfigurationIsVisible = 0;
			defaultConfigurationName = Release;
		};
/* End XCConfigurationList section */
	};
	rootObject = 6E65490E2065CF5600FC309C /* Project object */;
}
